// !$*UTF8*$!
{
	archiveVersion = 1;
	classes = {
	};
	objectVersion = 50;
	objects = {

/* Begin PBXBuildFile section */
		F8B89A8E2687B4CF00F35FAE /* AppDelegate.swift in Sources */ = {isa = PBXBuildFile; fileRef = F8B89A8D2687B4CF00F35FAE /* AppDelegate.swift */; };
		F8B89A902687B4CF00F35FAE /* SceneDelegate.swift in Sources */ = {isa = PBXBuildFile; fileRef = F8B89A8F2687B4CF00F35FAE /* SceneDelegate.swift */; };
		F8B89A922687B4CF00F35FAE /* ContentView.swift in Sources */ = {isa = PBXBuildFile; fileRef = F8B89A912687B4CF00F35FAE /* ContentView.swift */; };
		F8B89A942687B4D000F35FAE /* Assets.xcassets in Resources */ = {isa = PBXBuildFile; fileRef = F8B89A932687B4D000F35FAE /* Assets.xcassets */; };
		F8B89A972687B4D000F35FAE /* Preview Assets.xcassets in Resources */ = {isa = PBXBuildFile; fileRef = F8B89A962687B4D000F35FAE /* Preview Assets.xcassets */; };
		F8B89A9A2687B4D000F35FAE /* LaunchScreen.storyboard in Resources */ = {isa = PBXBuildFile; fileRef = F8B89A982687B4D000F35FAE /* LaunchScreen.storyboard */; };
		F8B89AA42687BDCB00F35FAE /* NetworkManager.swift in Sources */ = {isa = PBXBuildFile; fileRef = F8B89AA32687BDCB00F35FAE /* NetworkManager.swift */; };
		F8B89AA82687BF3600F35FAE /* PostData.swift in Sources */ = {isa = PBXBuildFile; fileRef = F8B89AA72687BF3600F35FAE /* PostData.swift */; };
		F8B89AAD2687C74A00F35FAE /* DetailView.swift in Sources */ = {isa = PBXBuildFile; fileRef = F8B89AAC2687C74A00F35FAE /* DetailView.swift */; };
		F8B89AB02687D26E00F35FAE /* WebView.swift in Sources */ = {isa = PBXBuildFile; fileRef = F8B89AAF2687D26E00F35FAE /* WebView.swift */; };
/* End PBXBuildFile section */

/* Begin PBXFileReference section */
		F8B89A8A2687B4CF00F35FAE /* H4X0R Hacker News.app */ = {isa = PBXFileReference; explicitFileType = wrapper.application; includeInIndex = 0; path = "H4X0R Hacker News.app"; sourceTree = BUILT_PRODUCTS_DIR; };
		F8B89A8D2687B4CF00F35FAE /* AppDelegate.swift */ = {isa = PBXFileReference; lastKnownFileType = sourcecode.swift; path = AppDelegate.swift; sourceTree = "<group>"; };
		F8B89A8F2687B4CF00F35FAE /* SceneDelegate.swift */ = {isa = PBXFileReference; lastKnownFileType = sourcecode.swift; path = SceneDelegate.swift; sourceTree = "<group>"; };
		F8B89A912687B4CF00F35FAE /* ContentView.swift */ = {isa = PBXFileReference; lastKnownFileType = sourcecode.swift; path = ContentView.swift; sourceTree = "<group>"; };
		F8B89A932687B4D000F35FAE /* Assets.xcassets */ = {isa = PBXFileReference; lastKnownFileType = folder.assetcatalog; path = Assets.xcassets; sourceTree = "<group>"; };
		F8B89A962687B4D000F35FAE /* Preview Assets.xcassets */ = {isa = PBXFileReference; lastKnownFileType = folder.assetcatalog; path = "Preview Assets.xcassets"; sourceTree = "<group>"; };
		F8B89A992687B4D000F35FAE /* Base */ = {isa = PBXFileReference; lastKnownFileType = file.storyboard; name = Base; path = Base.lproj/LaunchScreen.storyboard; sourceTree = "<group>"; };
		F8B89A9B2687B4D000F35FAE /* Info.plist */ = {isa = PBXFileReference; lastKnownFileType = text.plist.xml; path = Info.plist; sourceTree = "<group>"; };
		F8B89AA32687BDCB00F35FAE /* NetworkManager.swift */ = {isa = PBXFileReference; lastKnownFileType = sourcecode.swift; path = NetworkManager.swift; sourceTree = "<group>"; };
		F8B89AA72687BF3600F35FAE /* PostData.swift */ = {isa = PBXFileReference; lastKnownFileType = sourcecode.swift; path = PostData.swift; sourceTree = "<group>"; };
		F8B89AAC2687C74A00F35FAE /* DetailView.swift */ = {isa = PBXFileReference; lastKnownFileType = sourcecode.swift; path = DetailView.swift; sourceTree = "<group>"; };
		F8B89AAF2687D26E00F35FAE /* WebView.swift */ = {isa = PBXFileReference; lastKnownFileType = sourcecode.swift; path = WebView.swift; sourceTree = "<group>"; };
/* End PBXFileReference section */

/* Begin PBXFrameworksBuildPhase section */
		F8B89A872687B4CF00F35FAE /* Frameworks */ = {
			isa = PBXFrameworksBuildPhase;
			buildActionMask = 2147483647;
			files = (
			);
			runOnlyForDeploymentPostprocessing = 0;
		};
/* End PBXFrameworksBuildPhase section */

/* Begin PBXGroup section */
		F8B89A812687B4CF00F35FAE = {
			isa = PBXGroup;
			children = (
				F8B89A8C2687B4CF00F35FAE /* H4X0R Hacker News */,
				F8B89A8B2687B4CF00F35FAE /* Products */,
			);
			sourceTree = "<group>";
		};
		F8B89A8B2687B4CF00F35FAE /* Products */ = {
			isa = PBXGroup;
			children = (
				F8B89A8A2687B4CF00F35FAE /* H4X0R Hacker News.app */,
			);
			name = Products;
			sourceTree = "<group>";
		};
		F8B89A8C2687B4CF00F35FAE /* H4X0R Hacker News */ = {
			isa = PBXGroup;
			children = (
				F8B89A8D2687B4CF00F35FAE /* AppDelegate.swift */,
				F8B89A8F2687B4CF00F35FAE /* SceneDelegate.swift */,
				F8B89AAA2687C73700F35FAE /* Views */,
				F8B89AA22687BDA600F35FAE /* Model */,
				F8B89A932687B4D000F35FAE /* Assets.xcassets */,
				F8B89A982687B4D000F35FAE /* LaunchScreen.storyboard */,
				F8B89A9B2687B4D000F35FAE /* Info.plist */,
				F8B89A952687B4D000F35FAE /* Preview Content */,
			);
			path = "H4X0R Hacker News";
			sourceTree = "<group>";
		};
		F8B89A952687B4D000F35FAE /* Preview Content */ = {
			isa = PBXGroup;
			children = (
				F8B89A962687B4D000F35FAE /* Preview Assets.xcassets */,
			);
			path = "Preview Content";
			sourceTree = "<group>";
		};
		F8B89AA22687BDA600F35FAE /* Model */ = {
			isa = PBXGroup;
			children = (
				F8B89AA32687BDCB00F35FAE /* NetworkManager.swift */,
				F8B89AA72687BF3600F35FAE /* PostData.swift */,
			);
			path = Model;
			sourceTree = "<group>";
		};
		F8B89AAA2687C73700F35FAE /* Views */ = {
			isa = PBXGroup;
			children = (
				F8B89A912687B4CF00F35FAE /* ContentView.swift */,
				F8B89AAC2687C74A00F35FAE /* DetailView.swift */,
				F8B89AAF2687D26E00F35FAE /* WebView.swift */,
			);
			path = Views;
			sourceTree = "<group>";
		};
/* End PBXGroup section */

/* Begin PBXNativeTarget section */
		F8B89A892687B4CF00F35FAE /* H4X0R Hacker News */ = {
			isa = PBXNativeTarget;
			buildConfigurationList = F8B89A9E2687B4D000F35FAE /* Build configuration list for PBXNativeTarget "H4X0R Hacker News" */;
			buildPhases = (
				F8B89A862687B4CF00F35FAE /* Sources */,
				F8B89A872687B4CF00F35FAE /* Frameworks */,
				F8B89A882687B4CF00F35FAE /* Resources */,
			);
			buildRules = (
			);
			dependencies = (
			);
			name = "H4X0R Hacker News";
			productName = "H4X0R Hacker News";
			productReference = F8B89A8A2687B4CF00F35FAE /* H4X0R Hacker News.app */;
			productType = "com.apple.product-type.application";
		};
/* End PBXNativeTarget section */

/* Begin PBXProject section */
		F8B89A822687B4CF00F35FAE /* Project object */ = {
			isa = PBXProject;
			attributes = {
				LastSwiftUpdateCheck = 1240;
				LastUpgradeCheck = 1240;
				TargetAttributes = {
					F8B89A892687B4CF00F35FAE = {
						CreatedOnToolsVersion = 12.4;
					};
				};
			};
			buildConfigurationList = F8B89A852687B4CF00F35FAE /* Build configuration list for PBXProject "H4X0R Hacker News" */;
			compatibilityVersion = "Xcode 9.3";
			developmentRegion = en;
			hasScannedForEncodings = 0;
			knownRegions = (
				en,
				Base,
			);
			mainGroup = F8B89A812687B4CF00F35FAE;
			productRefGroup = F8B89A8B2687B4CF00F35FAE /* Products */;
			projectDirPath = "";
			projectRoot = "";
			targets = (
				F8B89A892687B4CF00F35FAE /* H4X0R Hacker News */,
			);
		};
/* End PBXProject section */

/* Begin PBXResourcesBuildPhase section */
		F8B89A882687B4CF00F35FAE /* Resources */ = {
			isa = PBXResourcesBuildPhase;
			buildActionMask = 2147483647;
			files = (
				F8B89A9A2687B4D000F35FAE /* LaunchScreen.storyboard in Resources */,
				F8B89A972687B4D000F35FAE /* Preview Assets.xcassets in Resources */,
				F8B89A942687B4D000F35FAE /* Assets.xcassets in Resources */,
			);
			runOnlyForDeploymentPostprocessing = 0;
		};
/* End PBXResourcesBuildPhase section */

/* Begin PBXSourcesBuildPhase section */
		F8B89A862687B4CF00F35FAE /* Sources */ = {
			isa = PBXSourcesBuildPhase;
			buildActionMask = 2147483647;
			files = (
				F8B89AA82687BF3600F35FAE /* PostData.swift in Sources */,
				F8B89AAD2687C74A00F35FAE /* DetailView.swift in Sources */,
				F8B89AA42687BDCB00F35FAE /* NetworkManager.swift in Sources */,
				F8B89A8E2687B4CF00F35FAE /* AppDelegate.swift in Sources */,
				F8B89A902687B4CF00F35FAE /* SceneDelegate.swift in Sources */,
				F8B89A922687B4CF00F35FAE /* ContentView.swift in Sources */,
				F8B89AB02687D26E00F35FAE /* WebView.swift in Sources */,
			);
			runOnlyForDeploymentPostprocessing = 0;
		};
/* End PBXSourcesBuildPhase section */

/* Begin PBXVariantGroup section */
		F8B89A982687B4D000F35FAE /* LaunchScreen.storyboard */ = {
			isa = PBXVariantGroup;
			children = (
				F8B89A992687B4D000F35FAE /* Base */,
			);
			name = LaunchScreen.storyboard;
			sourceTree = "<group>";
		};
/* End PBXVariantGroup section */

/* Begin XCBuildConfiguration section */
		F8B89A9C2687B4D000F35FAE /* Debug */ = {
			isa = XCBuildConfiguration;
			buildSettings = {
				ALWAYS_SEARCH_USER_PATHS = NO;
				CLANG_ANALYZER_NONNULL = YES;
				CLANG_ANALYZER_NUMBER_OBJECT_CONVERSION = YES_AGGRESSIVE;
				CLANG_CXX_LANGUAGE_STANDARD = "gnu++14";
				CLANG_CXX_LIBRARY = "libc++";
				CLANG_ENABLE_MODULES = YES;
				CLANG_ENABLE_OBJC_ARC = YES;
				CLANG_ENABLE_OBJC_WEAK = YES;
				CLANG_WARN_BLOCK_CAPTURE_AUTORELEASING = YES;
				CLANG_WARN_BOOL_CONVERSION = YES;
				CLANG_WARN_COMMA = YES;
				CLANG_WARN_CONSTANT_CONVERSION = YES;
				CLANG_WARN_DEPRECATED_OBJC_IMPLEMENTATIONS = YES;
				CLANG_WARN_DIRECT_OBJC_ISA_USAGE = YES_ERROR;
				CLANG_WARN_DOCUMENTATION_COMMENTS = YES;
				CLANG_WARN_EMPTY_BODY = YES;
				CLANG_WARN_ENUM_CONVERSION = YES;
				CLANG_WARN_INFINITE_RECURSION = YES;
				CLANG_WARN_INT_CONVERSION = YES;
				CLANG_WARN_NON_LITERAL_NULL_CONVERSION = YES;
				CLANG_WARN_OBJC_IMPLICIT_RETAIN_SELF = YES;
				CLANG_WARN_OBJC_LITERAL_CONVERSION = YES;
				CLANG_WARN_OBJC_ROOT_CLASS = YES_ERROR;
				CLANG_WARN_QUOTED_INCLUDE_IN_FRAMEWORK_HEADER = YES;
				CLANG_WARN_RANGE_LOOP_ANALYSIS = YES;
				CLANG_WARN_STRICT_PROTOTYPES = YES;
				CLANG_WARN_SUSPICIOUS_MOVE = YES;
				CLANG_WARN_UNGUARDED_AVAILABILITY = YES_AGGRESSIVE;
				CLANG_WARN_UNREACHABLE_CODE = YES;
				CLANG_WARN__DUPLICATE_METHOD_MATCH = YES;
				COPY_PHASE_STRIP = NO;
				DEBUG_INFORMATION_FORMAT = dwarf;
				ENABLE_STRICT_OBJC_MSGSEND = YES;
				ENABLE_TESTABILITY = YES;
				GCC_C_LANGUAGE_STANDARD = gnu11;
				GCC_DYNAMIC_NO_PIC = NO;
				GCC_NO_COMMON_BLOCKS = YES;
				GCC_OPTIMIZATION_LEVEL = 0;
				GCC_PREPROCESSOR_DEFINITIONS = (
					"DEBUG=1",
					"$(inherited)",
				);
				GCC_WARN_64_TO_32_BIT_CONVERSION = YES;
				GCC_WARN_ABOUT_RETURN_TYPE = YES_ERROR;
				GCC_WARN_UNDECLARED_SELECTOR = YES;
				GCC_WARN_UNINITIALIZED_AUTOS = YES_AGGRESSIVE;
				GCC_WARN_UNUSED_FUNCTION = YES;
				GCC_WARN_UNUSED_VARIABLE = YES;
				IPHONEOS_DEPLOYMENT_TARGET = 14.4;
				MTL_ENABLE_DEBUG_INFO = INCLUDE_SOURCE;
				MTL_FAST_MATH = YES;
				ONLY_ACTIVE_ARCH = YES;
				SDKROOT = iphoneos;
				SWIFT_ACTIVE_COMPILATION_CONDITIONS = DEBUG;
				SWIFT_OPTIMIZATION_LEVEL = "-Onone";
			};
			name = Debug;
		};
		F8B89A9D2687B4D000F35FAE /* Release */ = {
			isa = XCBuildConfiguration;
			buildSettings = {
				ALWAYS_SEARCH_USER_PATHS = NO;
				CLANG_ANALYZER_NONNULL = YES;
				CLANG_ANALYZER_NUMBER_OBJECT_CONVERSION = YES_AGGRESSIVE;
				CLANG_CXX_LANGUAGE_STANDARD = "gnu++14";
				CLANG_CXX_LIBRARY = "libc++";
				CLANG_ENABLE_MODULES = YES;
				CLANG_ENABLE_OBJC_ARC = YES;
				CLANG_ENABLE_OBJC_WEAK = YES;
				CLANG_WARN_BLOCK_CAPTURE_AUTORELEASING = YES;
				CLANG_WARN_BOOL_CONVERSION = YES;
				CLANG_WARN_COMMA = YES;
				CLANG_WARN_CONSTANT_CONVERSION = YES;
				CLANG_WARN_DEPRECATED_OBJC_IMPLEMENTATIONS = YES;
				CLANG_WARN_DIRECT_OBJC_ISA_USAGE = YES_ERROR;
				CLANG_WARN_DOCUMENTATION_COMMENTS = YES;
				CLANG_WARN_EMPTY_BODY = YES;
				CLANG_WARN_ENUM_CONVERSION = YES;
				CLANG_WARN_INFINITE_RECURSION = YES;
				CLANG_WARN_INT_CONVERSION = YES;
				CLANG_WARN_NON_LITERAL_NULL_CONVERSION = YES;
				CLANG_WARN_OBJC_IMPLICIT_RETAIN_SELF = YES;
				CLANG_WARN_OBJC_LITERAL_CONVERSION = YES;
				CLANG_WARN_OBJC_ROOT_CLASS = YES_ERROR;
				CLANG_WARN_QUOTED_INCLUDE_IN_FRAMEWORK_HEADER = YES;
				CLANG_WARN_RANGE_LOOP_ANALYSIS = YES;
				CLANG_WARN_STRICT_PROTOTYPES = YES;
				CLANG_WARN_SUSPICIOUS_MOVE = YES;
				CLANG_WARN_UNGUARDED_AVAILABILITY = YES_AGGRESSIVE;
				CLANG_WARN_UNREACHABLE_CODE = YES;
				CLANG_WARN__DUPLICATE_METHOD_MATCH = YES;
				COPY_PHASE_STRIP = NO;
				DEBUG_INFORMATION_FORMAT = "dwarf-with-dsym";
				ENABLE_NS_ASSERTIONS = NO;
				ENABLE_STRICT_OBJC_MSGSEND = YES;
				GCC_C_LANGUAGE_STANDARD = gnu11;
				GCC_NO_COMMON_BLOCKS = YES;
				GCC_WARN_64_TO_32_BIT_CONVERSION = YES;
				GCC_WARN_ABOUT_RETURN_TYPE = YES_ERROR;
				GCC_WARN_UNDECLARED_SELECTOR = YES;
				GCC_WARN_UNINITIALIZED_AUTOS = YES_AGGRESSIVE;
				GCC_WARN_UNUSED_FUNCTION = YES;
				GCC_WARN_UNUSED_VARIABLE = YES;
				IPHONEOS_DEPLOYMENT_TARGET = 14.4;
				MTL_ENABLE_DEBUG_INFO = NO;
				MTL_FAST_MATH = YES;
				SDKROOT = iphoneos;
				SWIFT_COMPILATION_MODE = wholemodule;
				SWIFT_OPTIMIZATION_LEVEL = "-O";
				VALIDATE_PRODUCT = YES;
			};
			name = Release;
		};
		F8B89A9F2687B4D000F35FAE /* Debug */ = {
			isa = XCBuildConfiguration;
			buildSettings = {
				ASSETCATALOG_COMPILER_APPICON_NAME = AppIcon;
				ASSETCATALOG_COMPILER_GLOBAL_ACCENT_COLOR_NAME = AccentColor;
				CODE_SIGN_STYLE = Automatic;
				DEVELOPMENT_ASSET_PATHS = "\"H4X0R Hacker News/Preview Content\"";
				DEVELOPMENT_TEAM = T2KV542NYS;
				ENABLE_PREVIEWS = YES;
				INFOPLIST_FILE = "H4X0R Hacker News/Info.plist";
				LD_RUNPATH_SEARCH_PATHS = (
					"$(inherited)",
					"@executable_path/Frameworks",
				);
				PRODUCT_BUNDLE_IDENTIFIER = "com.sagarranipa.H4X0R-Hacker-News";
				PRODUCT_NAME = "$(TARGET_NAME)";
				SWIFT_VERSION = 5.0;
				TARGETED_DEVICE_FAMILY = "1,2";
			};
			name = Debug;
		};
		F8B89AA02687B4D000F35FAE /* Release */ = {
			isa = XCBuildConfiguration;
			buildSettings = {
				ASSETCATALOG_COMPILER_APPICON_NAME = AppIcon;
				ASSETCATALOG_COMPILER_GLOBAL_ACCENT_COLOR_NAME = AccentColor;
				CODE_SIGN_STYLE = Automatic;
				DEVELOPMENT_ASSET_PATHS = "\"H4X0R Hacker News/Preview Content\"";
				DEVELOPMENT_TEAM = T2KV542NYS;
				ENABLE_PREVIEWS = YES;
				INFOPLIST_FILE = "H4X0R Hacker News/Info.plist";
				LD_RUNPATH_SEARCH_PATHS = (
					"$(inherited)",
					"@executable_path/Frameworks",
				);
				PRODUCT_BUNDLE_IDENTIFIER = "com.sagarranipa.H4X0R-Hacker-News";
				PRODUCT_NAME = "$(TARGET_NAME)";
				SWIFT_VERSION = 5.0;
				TARGETED_DEVICE_FAMILY = "1,2";
			};
			name = Release;
		};
/* End XCBuildConfiguration section */

/* Begin XCConfigurationList section */
		F8B89A852687B4CF00F35FAE /* Build configuration list for PBXProject "H4X0R Hacker News" */ = {
			isa = XCConfigurationList;
			buildConfigurations = (
				F8B89A9C2687B4D000F35FAE /* Debug */,
				F8B89A9D2687B4D000F35FAE /* Release */,
			);
			defaultConfigurationIsVisible = 0;
			defaultConfigurationName = Release;
		};
		F8B89A9E2687B4D000F35FAE /* Build configuration list for PBXNativeTarget "H4X0R Hacker News" */ = {
			isa = XCConfigurationList;
			buildConfigurations = (
				F8B89A9F2687B4D000F35FAE /* Debug */,
				F8B89AA02687B4D000F35FAE /* Release */,
			);
			defaultConfigurationIsVisible = 0;
			defaultConfigurationName = Release;
		};
/* End XCConfigurationList section */
	};
	rootObject = F8B89A822687B4CF00F35FAE /* Project object */;
}
